Microsoft Visual Studio Solution File, Format Version 12.00
# Visual Studio 2012
Project("{FAE04EC0-301F-11D3-BF4B-00C04F79EFBC}") = "CET46InSpire2", "CET46InSpire2.csproj", "{DDB55322-8F28-4CFD-B9D1-AED4E8C2D1BF}"
EndProject
Global
	GlobalSection(SolutionConfigurationPlatforms) = preSolution
	Debug|Any CPU = Debug|Any CPU
	ExportDebug|Any CPU = ExportDebug|Any CPU
	ExportRelease|Any CPU = ExportRelease|Any CPU
	EndGlobalSection
	GlobalSection(ProjectConfigurationPlatforms) = postSolution
		{DDB55322-8F28-4CFD-B9D1-AED4E8C2D1BF}.Debug|Any CPU.ActiveCfg = Debug|Any CPU
		{DDB55322-8F28-4CFD-B9D1-AED4E8C2D1BF}.Debug|Any CPU.Build.0 = Debug|Any CPU
		{DDB55322-8F28-4CFD-B9D1-AED4E8C2D1BF}.ExportDebug|Any CPU.ActiveCfg = ExportDebug|Any CPU
		{DDB55322-8F28-4CFD-B9D1-AED4E8C2D1BF}.ExportDebug|Any CPU.Build.0 = ExportDebug|Any CPU
		{DDB55322-8F28-4CFD-B9D1-AED4E8C2D1BF}.ExportRelease|Any CPU.ActiveCfg = ExportRelease|Any CPU
		{DDB55322-8F28-4CFD-B9D1-AED4E8C2D1BF}.ExportRelease|Any CPU.Build.0 = ExportRelease|Any CPU
	EndGlobalSection
EndGlobal
